dependencies:
- name: postgresql
  repository: file://charts/postgresql
  version: 0.1.0
- name: rabbitmq
  repository: file://charts/rabbitmq
  version: 0.1.0
- name: celery-worker
  repository: file://charts/celery-worker
  version: 0.1.0
- name: flower
  repository: file://charts/flower
  version: 0.1.0
- name: redis
  repository: file://charts/redis
  version: 0.1.0
- name: redisinsight
  repository: file://charts/redisinsight
  version: 0.1.0
digest: sha256:219da15250b51fbb48d6349438833d268b4982ca62dd3c07207c91ce2f9835b2
generated: "2026-09-22T03:43:18.307641+03:00"
